
Microsoft Visual Studio Solution File, Format Version 12.00
# Visual Studio 15
VisualStudioVersion = 15.0.28307.168
MinimumVisualStudioVersion = 10.0.40219.1
Project("{FAE04EC0-301F-11D3-BF4B-00C04F79EFBC}") = "Assignment2", "Assignment2\Assignment2.csproj", "{77233272-E89C-4025-BB82-4FF12959327F}"
EndProject
Global
	GlobalSection(SolutionConfigurationPlatforms) = preSolution
		Debug|Any CPU = Debug|Any CPU
		Release|Any CPU = Release|Any CPU
	EndGlobalSection
	GlobalSection(ProjectConfigurationPlatforms) = postSolution
		{77233272-E89C-4025-BB82-4FF12959327F}.Debug|Any CPU.ActiveCfg = Debug|Any CPU
		{77233272-E89C-4025-BB82-4FF12959327F}.Debug|Any CPU.Build.0 = Debug|Any CPU
		{77233272-E89C-4025-BB82-4FF12959327F}.Release|Any CPU.ActiveCfg = Release|Any CPU
		{77233272-E89C-4025-BB82-4FF12959327F}.Release|Any CPU.Build.0 = Release|Any CPU
	EndGlobalSection
	GlobalSection(SolutionProperties) = preSolution
		HideSolutionNode = FALSE
	EndGlobalSection
	GlobalSection(ExtensibilityGlobals) = postSolution
		SolutionGuid = {6D0F90FC-8A59-462C-88DE-4C8806C401D9}
	EndGlobalSection
EndGlobal
